
Microsoft Visual Studio Solution File, Format Version 12.00
# Visual Studio Version 17
VisualStudioVersion = 17.3.32901.215
MinimumVisualStudioVersion = 10.0.40219.1
Project("{FAE04EC0-301F-11D3-BF4B-00C04F79EFBC}") = "MoviesApi", "MoviesApi.csproj", "{E61C3CA3-B513-4B62-8348-32754F112335}"
EndProject
Global
	GlobalSection(SolutionConfigurationPlatforms) = preSolution
		Debug|Any CPU = Debug|Any CPU
		Release|Any CPU = Release|Any CPU
	EndGlobalSection
	GlobalSection(ProjectConfigurationPlatforms) = postSolution
		{E61C3CA3-B513-4B62-8348-32754F112335}.Debug|Any CPU.ActiveCfg = Debug|Any CPU
		{E61C3CA3-B513-4B62-8348-32754F112335}.Debug|Any CPU.Build.0 = Debug|Any CPU
		{E61C3CA3-B513-4B62-8348-32754F112335}.Release|Any CPU.ActiveCfg = Release|Any CPU
		{E61C3CA3-B513-4B62-8348-32754F112335}.Release|Any CPU.Build.0 = Release|Any CPU
	EndGlobalSection
	GlobalSection(SolutionProperties) = preSolution
		HideSolutionNode = FALSE
	EndGlobalSection
	GlobalSection(ExtensibilityGlobals) = postSolution
		SolutionGuid = {CB0E1984-7EEA-4400-BB95-DCDDBF03AD55}
	EndGlobalSection
EndGlobal
